
Microsoft Visual Studio Solution File, Format Version 12.00
# Visual Studio Version 16
VisualStudioVersion = 16.0.31729.503
MinimumVisualStudioVersion = 10.0.40219.1
Project("{FAE04EC0-301F-11D3-BF4B-00C04F79EFBC}") = "PhotoSharingApplication", "PhotoSharingApplication\PhotoSharingApplication.csproj", "{F9CE8400-E572-442E-B48D-52D85CBE44FE}"
EndProject
Global
	GlobalSection(SolutionConfigurationPlatforms) = preSolution
		Debug|Any CPU = Debug|Any CPU
		Release|Any CPU = Release|Any CPU
	EndGlobalSection
	GlobalSection(ProjectConfigurationPlatforms) = postSolution
		{F9CE8400-E572-442E-B48D-52D85CBE44FE}.Debug|Any CPU.ActiveCfg = Debug|Any CPU
		{F9CE8400-E572-442E-B48D-52D85CBE44FE}.Debug|Any CPU.Build.0 = Debug|Any CPU
		{F9CE8400-E572-442E-B48D-52D85CBE44FE}.Release|Any CPU.ActiveCfg = Release|Any CPU
		{F9CE8400-E572-442E-B48D-52D85CBE44FE}.Release|Any CPU.Build.0 = Release|Any CPU
	EndGlobalSection
	GlobalSection(SolutionProperties) = preSolution
		HideSolutionNode = FALSE
	EndGlobalSection
	GlobalSection(ExtensibilityGlobals) = postSolution
		SolutionGuid = {FFA23EC3-DF27-45D8-9D40-85FDE617BFC4}
	EndGlobalSection
EndGlobal
